
Microsoft Visual Studio Solution File, Format Version 12.00
# Visual Studio Version 16
VisualStudioVersion = 16.0.29318.209
MinimumVisualStudioVersion = 10.0.40219.1
Project("{9A19103F-16F7-4668-BE54-9A1E7A4F7556}") = "ChaldeaOrganizer", "ChaldeaOrganizer\ChaldeaOrganizer.csproj", "{B3DD5CB1-22B9-425C-A499-8D94038E6A9E}"
EndProject
Project("{9A19103F-16F7-4668-BE54-9A1E7A4F7556}") = "JsonDataServices", "JsonGameDataService\JsonDataServices.csproj", "{0357EBF2-C8D2-4C78-9E94-175D583C9B14}"
EndProject
Project("{9A19103F-16F7-4668-BE54-9A1E7A4F7556}") = "ChaldeaCommon", "ChaldeaCommon\ChaldeaCommon.csproj", "{1208C36B-8CFA-488E-8535-2FFD900D319A}"
EndProject
Global
	GlobalSection(SolutionConfigurationPlatforms) = preSolution
		Debug|Any CPU = Debug|Any CPU
		Release|Any CPU = Release|Any CPU
	EndGlobalSection
	GlobalSection(ProjectConfigurationPlatforms) = postSolution
		{B3DD5CB1-22B9-425C-A499-8D94038E6A9E}.Debug|Any CPU.ActiveCfg = Debug|Any CPU
		{B3DD5CB1-22B9-425C-A499-8D94038E6A9E}.Debug|Any CPU.Build.0 = Debug|Any CPU
		{B3DD5CB1-22B9-425C-A499-8D94038E6A9E}.Release|Any CPU.ActiveCfg = Release|Any CPU
		{B3DD5CB1-22B9-425C-A499-8D94038E6A9E}.Release|Any CPU.Build.0 = Release|Any CPU
		{0357EBF2-C8D2-4C78-9E94-175D583C9B14}.Debug|Any CPU.ActiveCfg = Debug|Any CPU
		{0357EBF2-C8D2-4C78-9E94-175D583C9B14}.Debug|Any CPU.Build.0 = Debug|Any CPU
		{0357EBF2-C8D2-4C78-9E94-175D583C9B14}.Release|Any CPU.ActiveCfg = Release|Any CPU
		{0357EBF2-C8D2-4C78-9E94-175D583C9B14}.Release|Any CPU.Build.0 = Release|Any CPU
		{1208C36B-8CFA-488E-8535-2FFD900D319A}.Debug|Any CPU.ActiveCfg = Debug|Any CPU
		{1208C36B-8CFA-488E-8535-2FFD900D319A}.Debug|Any CPU.Build.0 = Debug|Any CPU
		{1208C36B-8CFA-488E-8535-2FFD900D319A}.Release|Any CPU.ActiveCfg = Release|Any CPU
		{1208C36B-8CFA-488E-8535-2FFD900D319A}.Release|Any CPU.Build.0 = Release|Any CPU
	EndGlobalSection
	GlobalSection(SolutionProperties) = preSolution
		HideSolutionNode = FALSE
	EndGlobalSection
	GlobalSection(ExtensibilityGlobals) = postSolution
		SolutionGuid = {B9561B4E-65FE-4F08-8941-C5B5E71CA4E9}
	EndGlobalSection
EndGlobal
